// !$*UTF8*$!
{
	archiveVersion = 1;
	classes = {
	};
	objectVersion = 51;
	objects = {

/* Begin PBXBuildFile section */
		77C7CDCC3FB03700BC77690F /* Pods_Snacktacular.framework in Frameworks */ = {isa = PBXBuildFile; fileRef = 21FB0C31AFDA12A95EA451C9 /* Pods_Snacktacular.framework */; };
		7E100F4A2550A6C7009FECA5 /* APIKeys.swift in Sources */ = {isa = PBXBuildFile; fileRef = 7E100F492550A6C7009FECA5 /* APIKeys.swift */; };
		7E11D99425575599006308C4 /* ReviewTableViewController.swift in Sources */ = {isa = PBXBuildFile; fileRef = 7E11D99325575598006308C4 /* ReviewTableViewController.swift */; };
		7E11D9972557685E006308C4 /* Review.swift in Sources */ = {isa = PBXBuildFile; fileRef = 7E11D9962557685E006308C4 /* Review.swift */; };
		7E11D99A25576B04006308C4 /* Reviews.swift in Sources */ = {isa = PBXBuildFile; fileRef = 7E11D99925576B03006308C4 /* Reviews.swift */; };
		7E11D99D25577525006308C4 /* SpotReviewTableViewCell.swift in Sources */ = {isa = PBXBuildFile; fileRef = 7E11D99C25577525006308C4 /* SpotReviewTableViewCell.swift */; };
		7E2DC43C254F84B20085DA40 /* SpotListViewController.swift in Sources */ = {isa = PBXBuildFile; fileRef = 7E2DC43B254F84B20085DA40 /* SpotListViewController.swift */; };
		7E2DC43F254F86850085DA40 /* SpotTableViewCell.swift in Sources */ = {isa = PBXBuildFile; fileRef = 7E2DC43E254F86850085DA40 /* SpotTableViewCell.swift */; };
		7E2DC442254F8D3C0085DA40 /* SpotDetailViewController.swift in Sources */ = {isa = PBXBuildFile; fileRef = 7E2DC441254F8D3C0085DA40 /* SpotDetailViewController.swift */; };
		7E3057C6254FC5C70097ACEE /* Spot.swift in Sources */ = {isa = PBXBuildFile; fileRef = 7E3057C5254FC5C70097ACEE /* Spot.swift */; };
		7E3057D525506B4C0097ACEE /* GoogleService-Info.plist in Resources */ = {isa = PBXBuildFile; fileRef = 7E3057D425506B4C0097ACEE /* GoogleService-Info.plist */; };
		7E3057D9255088810097ACEE /* UIViewController+alert.swift in Sources */ = {isa = PBXBuildFile; fileRef = 7E3057D8255088810097ACEE /* UIViewController+alert.swift */; };
		7E3057DD25508D640097ACEE /* Spots.swift in Sources */ = {isa = PBXBuildFile; fileRef = 7E3057DC25508D630097ACEE /* Spots.swift */; };
		7E3EA338254F720A005E5C56 /* AppDelegate.swift in Sources */ = {isa = PBXBuildFile; fileRef = 7E3EA337254F720A005E5C56 /* AppDelegate.swift */; };
		7E3EA33A254F720A005E5C56 /* SceneDelegate.swift in Sources */ = {isa = PBXBuildFile; fileRef = 7E3EA339254F720A005E5C56 /* SceneDelegate.swift */; };
		7E3EA33C254F720A005E5C56 /* LoginViewController.swift in Sources */ = {isa = PBXBuildFile; fileRef = 7E3EA33B254F720A005E5C56 /* LoginViewController.swift */; };
		7E3EA33F254F720A005E5C56 /* Main.storyboard in Resources */ = {isa = PBXBuildFile; fileRef = 7E3EA33D254F720A005E5C56 /* Main.storyboard */; };
		7E3EA341254F7212005E5C56 /* Assets.xcassets in Resources */ = {isa = PBXBuildFile; fileRef = 7E3EA340254F7212005E5C56 /* Assets.xcassets */; };
		7E3EA344254F7212005E5C56 /* LaunchScreen.storyboard in Resources */ = {isa = PBXBuildFile; fileRef = 7E3EA342254F7212005E5C56 /* LaunchScreen.storyboard */; };
		7ED339B4257199FF004C29B4 /* SnackUser.swift in Sources */ = {isa = PBXBuildFile; fileRef = 7ED339B3257199FF004C29B4 /* SnackUser.swift */; };
		7ED339B72571A4F9004C29B4 /* SnackUserViewController.swift in Sources */ = {isa = PBXBuildFile; fileRef = 7ED339B62571A4F9004C29B4 /* SnackUserViewController.swift */; };
		7ED339BA2571A520004C29B4 /* SnackUserTableViewCell.swift in Sources */ = {isa = PBXBuildFile; fileRef = 7ED339B92571A520004C29B4 /* SnackUserTableViewCell.swift */; };
		7ED339BD2571A63B004C29B4 /* SnackUsers.swift in Sources */ = {isa = PBXBuildFile; fileRef = 7ED339BC2571A63B004C29B4 /* SnackUsers.swift */; };
		7EE409D7255F3D6E007DB689 /* Photo.swift in Sources */ = {isa = PBXBuildFile; fileRef = 7EE409D6255F3D6E007DB689 /* Photo.swift */; };
		7EE409DA255F540B007DB689 /* Photos.swift in Sources */ = {isa = PBXBuildFile; fileRef = 7EE409D9255F540A007DB689 /* Photos.swift */; };
		7EE409DD255F5702007DB689 /* SpotPhotoCollectionViewCell.swift in Sources */ = {isa = PBXBuildFile; fileRef = 7EE409DC255F5702007DB689 /* SpotPhotoCollectionViewCell.swift */; };
		7EF6FEEA255F17D100B10825 /* UIView+addBorder.swift in Sources */ = {isa = PBXBuildFile; fileRef = 7EF6FEE9255F17D100B10825 /* UIView+addBorder.swift */; };
		7EF6FEED255F18F000B10825 /* UIBarButtonItem+hide.swift in Sources */ = {isa = PBXBuildFile; fileRef = 7EF6FEEC255F18F000B10825 /* UIBarButtonItem+hide.swift */; };
		7EF6FEF0255F30DB00B10825 /* PhotoViewController.swift in Sources */ = {isa = PBXBuildFile; fileRef = 7EF6FEEF255F30DB00B10825 /* PhotoViewController.swift */; };
/* End PBXBuildFile section */

/* Begin PBXFileReference section */
		21FB0C31AFDA12A95EA451C9 /* Pods_Snacktacular.framework */ = {isa = PBXFileReference; explicitFileType = wrapper.framework; includeInIndex = 0; path = Pods_Snacktacular.framework; sourceTree = BUILT_PRODUCTS_DIR; };
		7E100F492550A6C7009FECA5 /* APIKeys.swift */ = {isa = PBXFileReference; lastKnownFileType = sourcecode.swift; path = APIKeys.swift; sourceTree = "<group>"; };
		7E11D99325575598006308C4 /* ReviewTableViewController.swift */ = {isa = PBXFileReference; lastKnownFileType = sourcecode.swift; path = ReviewTableViewController.swift; sourceTree = "<group>"; };
		7E11D9962557685E006308C4 /* Review.swift */ = {isa = PBXFileReference; lastKnownFileType = sourcecode.swift; path = Review.swift; sourceTree = "<group>"; };
		7E11D99925576B03006308C4 /* Reviews.swift */ = {isa = PBXFileReference; lastKnownFileType = sourcecode.swift; path = Reviews.swift; sourceTree = "<group>"; };
		7E11D99C25577525006308C4 /* SpotReviewTableViewCell.swift */ = {isa = PBXFileReference; lastKnownFileType = sourcecode.swift; path = SpotReviewTableViewCell.swift; sourceTree = "<group>"; };
		7E2DC43B254F84B20085DA40 /* SpotListViewController.swift */ = {isa = PBXFileReference; lastKnownFileType = sourcecode.swift; path = SpotListViewController.swift; sourceTree = "<group>"; };
		7E2DC43E254F86850085DA40 /* SpotTableViewCell.swift */ = {isa = PBXFileReference; lastKnownFileType = sourcecode.swift; path = SpotTableViewCell.swift; sourceTree = "<group>"; };
		7E2DC441254F8D3C0085DA40 /* SpotDetailViewController.swift */ = {isa = PBXFileReference; lastKnownFileType = sourcecode.swift; path = SpotDetailViewController.swift; sourceTree = "<group>"; };
		7E3057C5254FC5C70097ACEE /* Spot.swift */ = {isa = PBXFileReference; lastKnownFileType = sourcecode.swift; path = Spot.swift; sourceTree = "<group>"; };
		7E3057D425506B4C0097ACEE /* GoogleService-Info.plist */ = {isa = PBXFileReference; lastKnownFileType = text.plist; path = "GoogleService-Info.plist"; sourceTree = SOURCE_ROOT; };
		7E3057D8255088810097ACEE /* UIViewController+alert.swift */ = {isa = PBXFileReference; fileEncoding = 4; lastKnownFileType = sourcecode.swift; path = "UIViewController+alert.swift"; sourceTree = "<group>"; };
		7E3057DC25508D630097ACEE /* Spots.swift */ = {isa = PBXFileReference; lastKnownFileType = sourcecode.swift; path = Spots.swift; sourceTree = "<group>"; };
		7E3EA334254F720A005E5C56 /* Snacktacular.app */ = {isa = PBXFileReference; explicitFileType = wrapper.application; includeInIndex = 0; path = Snacktacular.app; sourceTree = BUILT_PRODUCTS_DIR; };
		7E3EA337254F720A005E5C56 /* AppDelegate.swift */ = {isa = PBXFileReference; lastKnownFileType = sourcecode.swift; path = AppDelegate.swift; sourceTree = "<group>"; };
		7E3EA339254F720A005E5C56 /* SceneDelegate.swift */ = {isa = PBXFileReference; lastKnownFileType = sourcecode.swift; path = SceneDelegate.swift; sourceTree = "<group>"; };
		7E3EA33B254F720A005E5C56 /* LoginViewController.swift */ = {isa = PBXFileReference; lastKnownFileType = sourcecode.swift; path = LoginViewController.swift; sourceTree = "<group>"; };
		7E3EA33E254F720A005E5C56 /* Base */ = {isa = PBXFileReference; lastKnownFileType = file.storyboard; name = Base; path = Base.lproj/Main.storyboard; sourceTree = "<group>"; };
		7E3EA340254F7212005E5C56 /* Assets.xcassets */ = {isa = PBXFileReference; lastKnownFileType = folder.assetcatalog; path = Assets.xcassets; sourceTree = "<group>"; };
		7E3EA343254F7212005E5C56 /* Base */ = {isa = PBXFileReference; lastKnownFileType = file.storyboard; name = Base; path = Base.lproj/LaunchScreen.storyboard; sourceTree = "<group>"; };
		7E3EA345254F7212005E5C56 /* Info.plist */ = {isa = PBXFileReference; lastKnownFileType = text.plist.xml; path = Info.plist; sourceTree = "<group>"; };
		7EA0887B5834ED60F91429A2 /* Pods-Snacktacular.debug.xcconfig */ = {isa = PBXFileReference; includeInIndex = 1; lastKnownFileType = text.xcconfig; name = "Pods-Snacktacular.debug.xcconfig"; path = "Target Support Files/Pods-Snacktacular/Pods-Snacktacular.debug.xcconfig"; sourceTree = "<group>"; };
		7ED339B3257199FF004C29B4 /* SnackUser.swift */ = {isa = PBXFileReference; lastKnownFileType = sourcecode.swift; path = SnackUser.swift; sourceTree = "<group>"; };
		7ED339B62571A4F9004C29B4 /* SnackUserViewController.swift */ = {isa = PBXFileReference; lastKnownFileType = sourcecode.swift; path = SnackUserViewController.swift; sourceTree = "<group>"; };
		7ED339B92571A520004C29B4 /* SnackUserTableViewCell.swift */ = {isa = PBXFileReference; lastKnownFileType = sourcecode.swift; path = SnackUserTableViewCell.swift; sourceTree = "<group>"; };
		7ED339BC2571A63B004C29B4 /* SnackUsers.swift */ = {isa = PBXFileReference; lastKnownFileType = sourcecode.swift; path = SnackUsers.swift; sourceTree = "<group>"; };
		7EE409D6255F3D6E007DB689 /* Photo.swift */ = {isa = PBXFileReference; lastKnownFileType = sourcecode.swift; path = Photo.swift; sourceTree = "<group>"; };
		7EE409D9255F540A007DB689 /* Photos.swift */ = {isa = PBXFileReference; lastKnownFileType = sourcecode.swift; path = Photos.swift; sourceTree = "<group>"; };
		7EE409DC255F5702007DB689 /* SpotPhotoCollectionViewCell.swift */ = {isa = PBXFileReference; lastKnownFileType = sourcecode.swift; path = SpotPhotoCollectionViewCell.swift; sourceTree = "<group>"; };
		7EF6FEE9255F17D100B10825 /* UIView+addBorder.swift */ = {isa = PBXFileReference; lastKnownFileType = sourcecode.swift; path = "UIView+addBorder.swift"; sourceTree = "<group>"; };
		7EF6FEEC255F18F000B10825 /* UIBarButtonItem+hide.swift */ = {isa = PBXFileReference; lastKnownFileType = sourcecode.swift; path = "UIBarButtonItem+hide.swift"; sourceTree = "<group>"; };
		7EF6FEEF255F30DB00B10825 /* PhotoViewController.swift */ = {isa = PBXFileReference; lastKnownFileType = sourcecode.swift; path = PhotoViewController.swift; sourceTree = "<group>"; };
		836C0B81FA7F8B4835486171 /* Pods-Snacktacular.release.xcconfig */ = {isa = PBXFileReference; includeInIndex = 1; lastKnownFileType = text.xcconfig; name = "Pods-Snacktacular.release.xcconfig"; path = "Target Support Files/Pods-Snacktacular/Pods-Snacktacular.release.xcconfig"; sourceTree = "<group>"; };
/* End PBXFileReference section */

/* Begin PBXFrameworksBuildPhase section */
		7E3EA331254F720A005E5C56 /* Frameworks */ = {
			isa = PBXFrameworksBuildPhase;
			buildActionMask = 2147483647;
			files = (
				77C7CDCC3FB03700BC77690F /* Pods_Snacktacular.framework in Frameworks */,
			);
			runOnlyForDeploymentPostprocessing = 0;
		};
/* End PBXFrameworksBuildPhase section */

/* Begin PBXGroup section */
		10D0E2DF7687451C48E14C57 /* Pods */ = {
			isa = PBXGroup;
			children = (
				7EA0887B5834ED60F91429A2 /* Pods-Snacktacular.debug.xcconfig */,
				836C0B81FA7F8B4835486171 /* Pods-Snacktacular.release.xcconfig */,
			);
			path = Pods;
			sourceTree = "<group>";
		};
		2831786370729E23969E57F5 /* Frameworks */ = {
			isa = PBXGroup;
			children = (
				21FB0C31AFDA12A95EA451C9 /* Pods_Snacktacular.framework */,
			);
			name = Frameworks;
			sourceTree = "<group>";
		};
		7E3EA32B254F720A005E5C56 = {
			isa = PBXGroup;
			children = (
				7E3EA336254F720A005E5C56 /* Snacktacular */,
				7E3EA335254F720A005E5C56 /* Products */,
				10D0E2DF7687451C48E14C57 /* Pods */,
				2831786370729E23969E57F5 /* Frameworks */,
			);
			sourceTree = "<group>";
		};
		7E3EA335254F720A005E5C56 /* Products */ = {
			isa = PBXGroup;
			children = (
				7E3EA334254F720A005E5C56 /* Snacktacular.app */,
			);
			name = Products;
			sourceTree = "<group>";
		};
		7E3EA336254F720A005E5C56 /* Snacktacular */ = {
			isa = PBXGroup;
			children = (
				7E3EA337254F720A005E5C56 /* AppDelegate.swift */,
				7E3EA339254F720A005E5C56 /* SceneDelegate.swift */,
				7ED339BF2571AA34004C29B4 /* Models */,
				7ED339C02571AA6A004C29B4 /* Controllers */,
				7ED339C32571AA8A004C29B4 /* Views */,
				7ED339C42571AA9C004C29B4 /* Utilities */,
				7E3EA33D254F720A005E5C56 /* Main.storyboard */,
				7E3EA340254F7212005E5C56 /* Assets.xcassets */,
				7E3EA342254F7212005E5C56 /* LaunchScreen.storyboard */,
				7E3EA345254F7212005E5C56 /* Info.plist */,
				7E3057D425506B4C0097ACEE /* GoogleService-Info.plist */,
			);
			path = Snacktacular;
			sourceTree = "<group>";
		};
		7ED339BF2571AA34004C29B4 /* Models */ = {
			isa = PBXGroup;
			children = (
				7E3057C5254FC5C70097ACEE /* Spot.swift */,
				7E3057DC25508D630097ACEE /* Spots.swift */,
				7E11D9962557685E006308C4 /* Review.swift */,
				7E11D99925576B03006308C4 /* Reviews.swift */,
				7EE409D6255F3D6E007DB689 /* Photo.swift */,
				7EE409D9255F540A007DB689 /* Photos.swift */,
				7ED339B3257199FF004C29B4 /* SnackUser.swift */,
				7ED339BC2571A63B004C29B4 /* SnackUsers.swift */,
			);
			path = Models;
			sourceTree = "<group>";
		};
		7ED339C02571AA6A004C29B4 /* Controllers */ = {
			isa = PBXGroup;
			children = (
				7E3EA33B254F720A005E5C56 /* LoginViewController.swift */,
				7E2DC43B254F84B20085DA40 /* SpotListViewController.swift */,
				7E2DC441254F8D3C0085DA40 /* SpotDetailViewController.swift */,
				7E11D99325575598006308C4 /* ReviewTableViewController.swift */,
				7EF6FEEF255F30DB00B10825 /* PhotoViewController.swift */,
				7ED339B62571A4F9004C29B4 /* SnackUserViewController.swift */,
			);
			path = Controllers;
			sourceTree = "<group>";
		};
		7ED339C32571AA8A004C29B4 /* Views */ = {
			isa = PBXGroup;
			children = (
				7E2DC43E254F86850085DA40 /* SpotTableViewCell.swift */,
				7E11D99C25577525006308C4 /* SpotReviewTableViewCell.swift */,
				7EE409DC255F5702007DB689 /* SpotPhotoCollectionViewCell.swift */,
				7ED339B92571A520004C29B4 /* SnackUserTableViewCell.swift */,
			);
			path = Views;
			sourceTree = "<group>";
		};
		7ED339C42571AA9C004C29B4 /* Utilities */ = {
			isa = PBXGroup;
			children = (
				7E3057D8255088810097ACEE /* UIViewController+alert.swift */,
				7EF6FEE9255F17D100B10825 /* UIView+addBorder.swift */,
				7EF6FEEC255F18F000B10825 /* UIBarButtonItem+hide.swift */,
				7E100F492550A6C7009FECA5 /* APIKeys.swift */,
			);
			path = Utilities;
			sourceTree = "<group>";
		};
/* End PBXGroup section */

/* Begin PBXNativeTarget section */
		7E3EA333254F720A005E5C56 /* Snacktacular */ = {
			isa = PBXNativeTarget;
			buildConfigurationList = 7E3EA348254F7212005E5C56 /* Build configuration list for PBXNativeTarget "Snacktacular" */;
			buildPhases = (
				6716721239D734D40DA85C91 /* [CP] Check Pods Manifest.lock */,
				7E3EA330254F720A005E5C56 /* Sources */,
				7E3EA331254F720A005E5C56 /* Frameworks */,
				7E3EA332254F720A005E5C56 /* Resources */,
				19B99945CFA01DD55509840B /* [CP] Embed Pods Frameworks */,
				F0C68CF75B3678844F9C2CB1 /* [CP] Copy Pods Resources */,
			);
			buildRules = (
			);
			dependencies = (
			);
			name = Snacktacular;
			productName = Snacktacular;
			productReference = 7E3EA334254F720A005E5C56 /* Snacktacular.app */;
			productType = "com.apple.product-type.application";
		};
/* End PBXNativeTarget section */

/* Begin PBXProject section */
		7E3EA32C254F720A005E5C56 /* Project object */ = {
			isa = PBXProject;
			attributes = {
				LastSwiftUpdateCheck = 1200;
				LastUpgradeCheck = 1200;
				TargetAttributes = {
					7E3EA333254F720A005E5C56 = {
						CreatedOnToolsVersion = 12.0;
					};
				};
			};
			buildConfigurationList = 7E3EA32F254F720A005E5C56 /* Build configuration list for PBXProject "Snacktacular" */;
			compatibilityVersion = "Xcode 9.3";
			developmentRegion = en;
			hasScannedForEncodings = 0;
			knownRegions = (
				en,
				Base,
			);
			mainGroup = 7E3EA32B254F720A005E5C56;
			productRefGroup = 7E3EA335254F720A005E5C56 /* Products */;
			projectDirPath = "";
			projectRoot = "";
			targets = (
				7E3EA333254F720A005E5C56 /* Snacktacular */,
			);
		};
/* End PBXProject section */

/* Begin PBXResourcesBuildPhase section */
		7E3EA332254F720A005E5C56 /* Resources */ = {
			isa = PBXResourcesBuildPhase;
			buildActionMask = 2147483647;
			files = (
				7E3EA344254F7212005E5C56 /* LaunchScreen.storyboard in Resources */,
				7E3057D525506B4C0097ACEE /* GoogleService-Info.plist in Resources */,
				7E3EA341254F7212005E5C56 /* Assets.xcassets in Resources */,
				7E3EA33F254F720A005E5C56 /* Main.storyboard in Resources */,
			);
			runOnlyForDeploymentPostprocessing = 0;
		};
/* End PBXResourcesBuildPhase section */

/* Begin PBXShellScriptBuildPhase section */
		19B99945CFA01DD55509840B /* [CP] Embed Pods Frameworks */ = {
			isa = PBXShellScriptBuildPhase;
			buildActionMask = 2147483647;
			files = (
			);
			inputFileListPaths = (
				"${PODS_ROOT}/Target Support Files/Pods-Snacktacular/Pods-Snacktacular-frameworks-${CONFIGURATION}-input-files.xcfilelist",
			);
			name = "[CP] Embed Pods Frameworks";
			outputFileListPaths = (
				"${PODS_ROOT}/Target Support Files/Pods-Snacktacular/Pods-Snacktacular-frameworks-${CONFIGURATION}-output-files.xcfilelist",
			);
			runOnlyForDeploymentPostprocessing = 0;
			shellPath = /bin/sh;
			shellScript = "\"${PODS_ROOT}/Target Support Files/Pods-Snacktacular/Pods-Snacktacular-frameworks.sh\"\n";
			showEnvVarsInLog = 0;
		};
		6716721239D734D40DA85C91 /* [CP] Check Pods Manifest.lock */ = {
			isa = PBXShellScriptBuildPhase;
			buildActionMask = 2147483647;
			files = (
			);
			inputFileListPaths = (
			);
			inputPaths = (
				"${PODS_PODFILE_DIR_PATH}/Podfile.lock",
				"${PODS_ROOT}/Manifest.lock",
			);
			name = "[CP] Check Pods Manifest.lock";
			outputFileListPaths = (
			);
			outputPaths = (
				"$(DERIVED_FILE_DIR)/Pods-Snacktacular-checkManifestLockResult.txt",
			);
			runOnlyForDeploymentPostprocessing = 0;
			shellPath = /bin/sh;
			shellScript = "diff \"${PODS_PODFILE_DIR_PATH}/Podfile.lock\" \"${PODS_ROOT}/Manifest.lock\" > /dev/null\nif [ $? != 0 ] ; then\n    # print error to STDERR\n    echo \"error: The sandbox is not in sync with the Podfile.lock. Run 'pod install' or update your CocoaPods installation.\" >&2\n    exit 1\nfi\n# This output is used by Xcode 'outputs' to avoid re-running this script phase.\necho \"SUCCESS\" > \"${SCRIPT_OUTPUT_FILE_0}\"\n";
			showEnvVarsInLog = 0;
		};
		F0C68CF75B3678844F9C2CB1 /* [CP] Copy Pods Resources */ = {
			isa = PBXShellScriptBuildPhase;
			buildActionMask = 2147483647;
			files = (
			);
			inputFileListPaths = (
				"${PODS_ROOT}/Target Support Files/Pods-Snacktacular/Pods-Snacktacular-resources-${CONFIGURATION}-input-files.xcfilelist",
			);
			name = "[CP] Copy Pods Resources";
			outputFileListPaths = (
				"${PODS_ROOT}/Target Support Files/Pods-Snacktacular/Pods-Snacktacular-resources-${CONFIGURATION}-output-files.xcfilelist",
			);
			runOnlyForDeploymentPostprocessing = 0;
			shellPath = /bin/sh;
			shellScript = "\"${PODS_ROOT}/Target Support Files/Pods-Snacktacular/Pods-Snacktacular-resources.sh\"\n";
			showEnvVarsInLog = 0;
		};
/* End PBXShellScriptBuildPhase section */

/* Begin PBXSourcesBuildPhase section */
		7E3EA330254F720A005E5C56 /* Sources */ = {
			isa = PBXSourcesBuildPhase;
			buildActionMask = 2147483647;
			files = (
				7E11D99A25576B04006308C4 /* Reviews.swift in Sources */,
				7E2DC43C254F84B20085DA40 /* SpotListViewController.swift in Sources */,
				7E3EA33C254F720A005E5C56 /* LoginViewController.swift in Sources */,
				7E3EA338254F720A005E5C56 /* AppDelegate.swift in Sources */,
				7E2DC442254F8D3C0085DA40 /* SpotDetailViewController.swift in Sources */,
				7EE409DA255F540B007DB689 /* Photos.swift in Sources */,
				7E11D99425575599006308C4 /* ReviewTableViewController.swift in Sources */,
				7E11D9972557685E006308C4 /* Review.swift in Sources */,
				7E3057DD25508D640097ACEE /* Spots.swift in Sources */,
				7EF6FEED255F18F000B10825 /* UIBarButtonItem+hide.swift in Sources */,
				7E2DC43F254F86850085DA40 /* SpotTableViewCell.swift in Sources */,
				7EF6FEF0255F30DB00B10825 /* PhotoViewController.swift in Sources */,
				7E11D99D25577525006308C4 /* SpotReviewTableViewCell.swift in Sources */,
				7EE409D7255F3D6E007DB689 /* Photo.swift in Sources */,
				7ED339BA2571A520004C29B4 /* SnackUserTableViewCell.swift in Sources */,
				7ED339B72571A4F9004C29B4 /* SnackUserViewController.swift in Sources */,
				7E100F4A2550A6C7009FECA5 /* APIKeys.swift in Sources */,
				7E3057C6254FC5C70097ACEE /* Spot.swift in Sources */,
				7E3EA33A254F720A005E5C56 /* SceneDelegate.swift in Sources */,
				7ED339B4257199FF004C29B4 /* SnackUser.swift in Sources */,
				7EE409DD255F5702007DB689 /* SpotPhotoCollectionViewCell.swift in Sources */,
				7ED339BD2571A63B004C29B4 /* SnackUsers.swift in Sources */,
				7E3057D9255088810097ACEE /* UIViewController+alert.swift in Sources */,
				7EF6FEEA255F17D100B10825 /* UIView+addBorder.swift in Sources */,
			);
			runOnlyForDeploymentPostprocessing = 0;
		};
/* End PBXSourcesBuildPhase section */

/* Begin PBXVariantGroup section */
		7E3EA33D254F720A005E5C56 /* Main.storyboard */ = {
			isa = PBXVariantGroup;
			children = (
				7E3EA33E254F720A005E5C56 /* Base */,
			);
			name = Main.storyboard;
			sourceTree = "<group>";
		};
		7E3EA342254F7212005E5C56 /* LaunchScreen.storyboard */ = {
			isa = PBXVariantGroup;
			children = (
				7E3EA343254F7212005E5C56 /* Base */,
			);
			name = LaunchScreen.storyboard;
			sourceTree = "<group>";
		};
/* End PBXVariantGroup section */

/* Begin XCBuildConfiguration section */
		7E3EA346254F7212005E5C56 /* Debug */ = {
			isa = XCBuildConfiguration;
			buildSettings = {
				ALWAYS_SEARCH_USER_PATHS = NO;
				CLANG_ANALYZER_NONNULL = YES;
				CLANG_ANALYZER_NUMBER_OBJECT_CONVERSION = YES_AGGRESSIVE;
				CLANG_CXX_LANGUAGE_STANDARD = "gnu++14";
				CLANG_CXX_LIBRARY = "libc++";
				CLANG_ENABLE_MODULES = YES;
				CLANG_ENABLE_OBJC_ARC = YES;
				CLANG_ENABLE_OBJC_WEAK = YES;
				CLANG_WARN_BLOCK_CAPTURE_AUTORELEASING = YES;
				CLANG_WARN_BOOL_CONVERSION = YES;
				CLANG_WARN_COMMA = YES;
				CLANG_WARN_CONSTANT_CONVERSION = YES;
				CLANG_WARN_DEPRECATED_OBJC_IMPLEMENTATIONS = YES;
				CLANG_WARN_DIRECT_OBJC_ISA_USAGE = YES_ERROR;
				CLANG_WARN_DOCUMENTATION_COMMENTS = YES;
				CLANG_WARN_EMPTY_BODY = YES;
				CLANG_WARN_ENUM_CONVERSION = YES;
				CLANG_WARN_INFINITE_RECURSION = YES;
				CLANG_WARN_INT_CONVERSION = YES;
				CLANG_WARN_NON_LITERAL_NULL_CONVERSION = YES;
				CLANG_WARN_OBJC_IMPLICIT_RETAIN_SELF = YES;
				CLANG_WARN_OBJC_LITERAL_CONVERSION = YES;
				CLANG_WARN_OBJC_ROOT_CLASS = YES_ERROR;
				CLANG_WARN_QUOTED_INCLUDE_IN_FRAMEWORK_HEADER = YES;
				CLANG_WARN_RANGE_LOOP_ANALYSIS = YES;
				CLANG_WARN_STRICT_PROTOTYPES = YES;
				CLANG_WARN_SUSPICIOUS_MOVE = YES;
				CLANG_WARN_UNGUARDED_AVAILABILITY = YES_AGGRESSIVE;
				CLANG_WARN_UNREACHABLE_CODE = YES;
				CLANG_WARN__DUPLICATE_METHOD_MATCH = YES;
				COPY_PHASE_STRIP = NO;
				DEBUG_INFORMATION_FORMAT = dwarf;
				ENABLE_STRICT_OBJC_MSGSEND = YES;
				ENABLE_TESTABILITY = YES;
				GCC_C_LANGUAGE_STANDARD = gnu11;
				GCC_DYNAMIC_NO_PIC = NO;
				GCC_NO_COMMON_BLOCKS = YES;
				GCC_OPTIMIZATION_LEVEL = 0;
				GCC_PREPROCESSOR_DEFINITIONS = (
					"DEBUG=1",
					"$(inherited)",
				);
				GCC_WARN_64_TO_32_BIT_CONVERSION = YES;
				GCC_WARN_ABOUT_RETURN_TYPE = YES_ERROR;
				GCC_WARN_UNDECLARED_SELECTOR = YES;
				GCC_WARN_UNINITIALIZED_AUTOS = YES_AGGRESSIVE;
				GCC_WARN_UNUSED_FUNCTION = YES;
				GCC_WARN_UNUSED_VARIABLE = YES;
				IPHONEOS_DEPLOYMENT_TARGET = 14.0;
				MTL_ENABLE_DEBUG_INFO = INCLUDE_SOURCE;
				MTL_FAST_MATH = YES;
				ONLY_ACTIVE_ARCH = YES;
				SDKROOT = iphoneos;
				SWIFT_ACTIVE_COMPILATION_CONDITIONS = DEBUG;
				SWIFT_OPTIMIZATION_LEVEL = "-Onone";
			};
			name = Debug;
		};
		7E3EA347254F7212005E5C56 /* Release */ = {
			isa = XCBuildConfiguration;
			buildSettings = {
				ALWAYS_SEARCH_USER_PATHS = NO;
				CLANG_ANALYZER_NONNULL = YES;
				CLANG_ANALYZER_NUMBER_OBJECT_CONVERSION = YES_AGGRESSIVE;
				CLANG_CXX_LANGUAGE_STANDARD = "gnu++14";
				CLANG_CXX_LIBRARY = "libc++";
				CLANG_ENABLE_MODULES = YES;
				CLANG_ENABLE_OBJC_ARC = YES;
				CLANG_ENABLE_OBJC_WEAK = YES;
				CLANG_WARN_BLOCK_CAPTURE_AUTORELEASING = YES;
				CLANG_WARN_BOOL_CONVERSION = YES;
				CLANG_WARN_COMMA = YES;
				CLANG_WARN_CONSTANT_CONVERSION = YES;
				CLANG_WARN_DEPRECATED_OBJC_IMPLEMENTATIONS = YES;
				CLANG_WARN_DIRECT_OBJC_ISA_USAGE = YES_ERROR;
				CLANG_WARN_DOCUMENTATION_COMMENTS = YES;
				CLANG_WARN_EMPTY_BODY = YES;
				CLANG_WARN_ENUM_CONVERSION = YES;
				CLANG_WARN_INFINITE_RECURSION = YES;
				CLANG_WARN_INT_CONVERSION = YES;
				CLANG_WARN_NON_LITERAL_NULL_CONVERSION = YES;
				CLANG_WARN_OBJC_IMPLICIT_RETAIN_SELF = YES;
				CLANG_WARN_OBJC_LITERAL_CONVERSION = YES;
				CLANG_WARN_OBJC_ROOT_CLASS = YES_ERROR;
				CLANG_WARN_QUOTED_INCLUDE_IN_FRAMEWORK_HEADER = YES;
				CLANG_WARN_RANGE_LOOP_ANALYSIS = YES;
				CLANG_WARN_STRICT_PROTOTYPES = YES;
				CLANG_WARN_SUSPICIOUS_MOVE = YES;
				CLANG_WARN_UNGUARDED_AVAILABILITY = YES_AGGRESSIVE;
				CLANG_WARN_UNREACHABLE_CODE = YES;
				CLANG_WARN__DUPLICATE_METHOD_MATCH = YES;
				COPY_PHASE_STRIP = NO;
				DEBUG_INFORMATION_FORMAT = "dwarf-with-dsym";
				ENABLE_NS_ASSERTIONS = NO;
				ENABLE_STRICT_OBJC_MSGSEND = YES;
				GCC_C_LANGUAGE_STANDARD = gnu11;
				GCC_NO_COMMON_BLOCKS = YES;
				GCC_WARN_64_TO_32_BIT_CONVERSION = YES;
				GCC_WARN_ABOUT_RETURN_TYPE = YES_ERROR;
				GCC_WARN_UNDECLARED_SELECTOR = YES;
				GCC_WARN_UNINITIALIZED_AUTOS = YES_AGGRESSIVE;
				GCC_WARN_UNUSED_FUNCTION = YES;
				GCC_WARN_UNUSED_VARIABLE = YES;
				IPHONEOS_DEPLOYMENT_TARGET = 14.0;
				MTL_ENABLE_DEBUG_INFO = NO;
				MTL_FAST_MATH = YES;
				SDKROOT = iphoneos;
				SWIFT_COMPILATION_MODE = wholemodule;
				SWIFT_OPTIMIZATION_LEVEL = "-O";
				VALIDATE_PRODUCT = YES;
			};
			name = Release;
		};
		7E3EA349254F7212005E5C56 /* Debug */ = {
			isa = XCBuildConfiguration;
			baseConfigurationReference = 7EA0887B5834ED60F91429A2 /* Pods-Snacktacular.debug.xcconfig */;
			buildSettings = {
				ASSETCATALOG_COMPILER_APPICON_NAME = AppIcon;
				ASSETCATALOG_COMPILER_GLOBAL_ACCENT_COLOR_NAME = AccentColor;
				CODE_SIGN_STYLE = Automatic;
				DEVELOPMENT_TEAM = SP3SR73RZR;
				INFOPLIST_FILE = Snacktacular/Info.plist;
				LD_RUNPATH_SEARCH_PATHS = (
					"$(inherited)",
					"@executable_path/Frameworks",
				);
				PRODUCT_BUNDLE_IDENTIFIER = "Manogya-Acharya.Snacktacular";
				PRODUCT_NAME = "$(TARGET_NAME)";
				SWIFT_VERSION = 5.0;
				TARGETED_DEVICE_FAMILY = "1,2";
			};
			name = Debug;
		};
		7E3EA34A254F7212005E5C56 /* Release */ = {
			isa = XCBuildConfiguration;
			baseConfigurationReference = 836C0B81FA7F8B4835486171 /* Pods-Snacktacular.release.xcconfig */;
			buildSettings = {
				ASSETCATALOG_COMPILER_APPICON_NAME = AppIcon;
				ASSETCATALOG_COMPILER_GLOBAL_ACCENT_COLOR_NAME = AccentColor;
				CODE_SIGN_STYLE = Automatic;
				DEVELOPMENT_TEAM = SP3SR73RZR;
				INFOPLIST_FILE = Snacktacular/Info.plist;
				LD_RUNPATH_SEARCH_PATHS = (
					"$(inherited)",
					"@executable_path/Frameworks",
				);
				PRODUCT_BUNDLE_IDENTIFIER = "Manogya-Acharya.Snacktacular";
				PRODUCT_NAME = "$(TARGET_NAME)";
				SWIFT_VERSION = 5.0;
				TARGETED_DEVICE_FAMILY = "1,2";
			};
			name = Release;
		};
/* End XCBuildConfiguration section */

/* Begin XCConfigurationList section */
		7E3EA32F254F720A005E5C56 /* Build configuration list for PBXProject "Snacktacular" */ = {
			isa = XCConfigurationList;
			buildConfigurations = (
				7E3EA346254F7212005E5C56 /* Debug */,
				7E3EA347254F7212005E5C56 /* Release */,
			);
			defaultConfigurationIsVisible = 0;
			defaultConfigurationName = Release;
		};
		7E3EA348254F7212005E5C56 /* Build configuration list for PBXNativeTarget "Snacktacular" */ = {
			isa = XCConfigurationList;
			buildConfigurations = (
				7E3EA349254F7212005E5C56 /* Debug */,
				7E3EA34A254F7212005E5C56 /* Release */,
			);
			defaultConfigurationIsVisible = 0;
			defaultConfigurationName = Release;
		};
/* End XCConfigurationList section */
	};
	rootObject = 7E3EA32C254F720A005E5C56 /* Project object */;
}
